
Microsoft Visual Studio Solution File, Format Version 12.00
# Visual Studio Version 16
VisualStudioVersion = 16.0.31321.278
MinimumVisualStudioVersion = 10.0.40219.1
Project("{FAE04EC0-301F-11D3-BF4B-00C04F79EFBC}") = "A2Question8", "A2Question8\A2Question8.csproj", "{83CC75A3-833D-46E6-8E08-CC3C2FC3EFDD}"
EndProject
Global
	GlobalSection(SolutionConfigurationPlatforms) = preSolution
		Debug|Any CPU = Debug|Any CPU
		Release|Any CPU = Release|Any CPU
	EndGlobalSection
	GlobalSection(ProjectConfigurationPlatforms) = postSolution
		{83CC75A3-833D-46E6-8E08-CC3C2FC3EFDD}.Debug|Any CPU.ActiveCfg = Debug|Any CPU
		{83CC75A3-833D-46E6-8E08-CC3C2FC3EFDD}.Debug|Any CPU.Build.0 = Debug|Any CPU
		{83CC75A3-833D-46E6-8E08-CC3C2FC3EFDD}.Release|Any CPU.ActiveCfg = Release|Any CPU
		{83CC75A3-833D-46E6-8E08-CC3C2FC3EFDD}.Release|Any CPU.Build.0 = Release|Any CPU
	EndGlobalSection
	GlobalSection(SolutionProperties) = preSolution
		HideSolutionNode = FALSE
	EndGlobalSection
	GlobalSection(ExtensibilityGlobals) = postSolution
		SolutionGuid = {3DD97126-DCE8-4DF9-A212-C17AFEEA4889}
	EndGlobalSection
EndGlobal
